// !$*UTF8*$!
{
	archiveVersion = 1;
	classes = {
	};
	objectVersion = 77;
	objects = {

/* Begin PBXBuildFile section */
		ADE693BB2D6A2DF7008A7DDF /* Preview Assets.xcassets in Resources */ = {isa = PBXBuildFile; fileRef = ADE693B52D6A2DF7008A7DDF /* Preview Assets.xcassets */; };
		ADE693BC2D6A2DF7008A7DDF /* Assets.xcassets in Resources */ = {isa = PBXBuildFile; fileRef = ADE693B72D6A2DF7008A7DDF /* Assets.xcassets */; };
		ADE693BD2D6A2DF7008A7DDF /* BNDSAskForLeaveApp.swift in Sources */ = {isa = PBXBuildFile; fileRef = ADE693B82D6A2DF7008A7DDF /* BNDSAskForLeaveApp.swift */; };
		ADE693BE2D6A2DF7008A7DDF /* ContentView.swift in Sources */ = {isa = PBXBuildFile; fileRef = ADE693B92D6A2DF7008A7DDF /* ContentView.swift */; };
		ADE693C52D6A2F17008A7DDF /* FakeView.swift in Sources */ = {isa = PBXBuildFile; fileRef = ADE693C42D6A2F0E008A7DDF /* FakeView.swift */; };
		ADE693C72D6A384D008A7DDF /* Ex.swift in Sources */ = {isa = PBXBuildFile; fileRef = ADE693C62D6A384A008A7DDF /* Ex.swift */; };
		ADE693C92D6A3EBE008A7DDF /* textMessageViewModifier.swift in Sources */ = {isa = PBXBuildFile; fileRef = ADE693C82D6A3EB3008A7DDF /* textMessageViewModifier.swift */; };
		ADE693CB2D6A45E7008A7DDF /* messageModels.swift in Sources */ = {isa = PBXBuildFile; fileRef = ADE693CA2D6A45D5008A7DDF /* messageModels.swift */; };
		ADE693CD2D6A4993008A7DDF /* SettingView.swift in Sources */ = {isa = PBXBuildFile; fileRef = ADE693CC2D6A498D008A7DDF /* SettingView.swift */; };
		ADE693CF2D6A51DC008A7DDF /* timeMessageViewModifier.swift in Sources */ = {isa = PBXBuildFile; fileRef = ADE693CE2D6A51D4008A7DDF /* timeMessageViewModifier.swift */; };
		ADE693D12D6A5C67008A7DDF /* MessageViewModel.swift in Sources */ = {isa = PBXBuildFile; fileRef = ADE693D02D6A5C5B008A7DDF /* MessageViewModel.swift */; };
/* End PBXBuildFile section */

/* Begin PBXFileReference section */
		ADE693A42D6A2DD8008A7DDF /* BNDSAskForLeave.app */ = {isa = PBXFileReference; explicitFileType = wrapper.application; includeInIndex = 0; path = BNDSAskForLeave.app; sourceTree = BUILT_PRODUCTS_DIR; };
		ADE693B52D6A2DF7008A7DDF /* Preview Assets.xcassets */ = {isa = PBXFileReference; lastKnownFileType = folder.assetcatalog; path = "Preview Assets.xcassets"; sourceTree = "<group>"; };
		ADE693B72D6A2DF7008A7DDF /* Assets.xcassets */ = {isa = PBXFileReference; lastKnownFileType = folder.assetcatalog; path = Assets.xcassets; sourceTree = "<group>"; };
		ADE693B82D6A2DF7008A7DDF /* BNDSAskForLeaveApp.swift */ = {isa = PBXFileReference; lastKnownFileType = sourcecode.swift; path = BNDSAskForLeaveApp.swift; sourceTree = "<group>"; };
		ADE693B92D6A2DF7008A7DDF /* ContentView.swift */ = {isa = PBXFileReference; lastKnownFileType = sourcecode.swift; path = ContentView.swift; sourceTree = "<group>"; };
		ADE693C42D6A2F0E008A7DDF /* FakeView.swift */ = {isa = PBXFileReference; lastKnownFileType = sourcecode.swift; path = FakeView.swift; sourceTree = "<group>"; };
		ADE693C62D6A384A008A7DDF /* Ex.swift */ = {isa = PBXFileReference; lastKnownFileType = sourcecode.swift; path = Ex.swift; sourceTree = "<group>"; };
		ADE693C82D6A3EB3008A7DDF /* textMessageViewModifier.swift */ = {isa = PBXFileReference; lastKnownFileType = sourcecode.swift; path = textMessageViewModifier.swift; sourceTree = "<group>"; };
		ADE693CA2D6A45D5008A7DDF /* messageModels.swift */ = {isa = PBXFileReference; lastKnownFileType = sourcecode.swift; path = messageModels.swift; sourceTree = "<group>"; };
		ADE693CC2D6A498D008A7DDF /* SettingView.swift */ = {isa = PBXFileReference; lastKnownFileType = sourcecode.swift; path = SettingView.swift; sourceTree = "<group>"; };
		ADE693CE2D6A51D4008A7DDF /* timeMessageViewModifier.swift */ = {isa = PBXFileReference; lastKnownFileType = sourcecode.swift; path = timeMessageViewModifier.swift; sourceTree = "<group>"; };
		ADE693D02D6A5C5B008A7DDF /* MessageViewModel.swift */ = {isa = PBXFileReference; lastKnownFileType = sourcecode.swift; path = MessageViewModel.swift; sourceTree = "<group>"; };
/* End PBXFileReference section */

/* Begin PBXFrameworksBuildPhase section */
		ADE693A12D6A2DD8008A7DDF /* Frameworks */ = {
			isa = PBXFrameworksBuildPhase;
			buildActionMask = 2147483647;
			files = (
			);
			runOnlyForDeploymentPostprocessing = 0;
		};
/* End PBXFrameworksBuildPhase section */

/* Begin PBXGroup section */
		ADE6939B2D6A2DD8008A7DDF = {
			isa = PBXGroup;
			children = (
				ADE693BA2D6A2DF7008A7DDF /* BNDSAskForLeave */,
				ADE693A52D6A2DD8008A7DDF /* Products */,
			);
			sourceTree = "<group>";
		};
		ADE693A52D6A2DD8008A7DDF /* Products */ = {
			isa = PBXGroup;
			children = (
				ADE693A42D6A2DD8008A7DDF /* BNDSAskForLeave.app */,
			);
			name = Products;
			sourceTree = "<group>";
		};
		ADE693B62D6A2DF7008A7DDF /* Preview Content */ = {
			isa = PBXGroup;
			children = (
				ADE693B52D6A2DF7008A7DDF /* Preview Assets.xcassets */,
			);
			path = "Preview Content";
			sourceTree = "<group>";
		};
		ADE693BA2D6A2DF7008A7DDF /* BNDSAskForLeave */ = {
			isa = PBXGroup;
			children = (
				ADE693B82D6A2DF7008A7DDF /* BNDSAskForLeaveApp.swift */,
				ADE693BF2D6A2E05008A7DDF /* MVVM */,
				ADE693C02D6A2E1D008A7DDF /* Design */,
				ADE693C62D6A384A008A7DDF /* Ex.swift */,
				ADE693B62D6A2DF7008A7DDF /* Preview Content */,
				ADE693B72D6A2DF7008A7DDF /* Assets.xcassets */,
			);
			path = BNDSAskForLeave;
			sourceTree = "<group>";
		};
		ADE693BF2D6A2E05008A7DDF /* MVVM */ = {
			isa = PBXGroup;
			children = (
				ADE693C32D6A2EAA008A7DDF /* Models */,
				ADE693C12D6A2EA5008A7DDF /* Views */,
				ADE693C22D6A2EA7008A7DDF /* ViewModels */,
			);
			path = MVVM;
			sourceTree = "<group>";
		};
		ADE693C02D6A2E1D008A7DDF /* Design */ = {
			isa = PBXGroup;
			children = (
				ADE693CE2D6A51D4008A7DDF /* timeMessageViewModifier.swift */,
				ADE693C82D6A3EB3008A7DDF /* textMessageViewModifier.swift */,
			);
			path = Design;
			sourceTree = "<group>";
		};
		ADE693C12D6A2EA5008A7DDF /* Views */ = {
			isa = PBXGroup;
			children = (
				ADE693CC2D6A498D008A7DDF /* SettingView.swift */,
				ADE693C42D6A2F0E008A7DDF /* FakeView.swift */,
				ADE693B92D6A2DF7008A7DDF /* ContentView.swift */,
			);
			path = Views;
			sourceTree = "<group>";
		};
		ADE693C22D6A2EA7008A7DDF /* ViewModels */ = {
			isa = PBXGroup;
			children = (
				ADE693D02D6A5C5B008A7DDF /* MessageViewModel.swift */,
			);
			path = ViewModels;
			sourceTree = "<group>";
		};
		ADE693C32D6A2EAA008A7DDF /* Models */ = {
			isa = PBXGroup;
			children = (
				ADE693CA2D6A45D5008A7DDF /* messageModels.swift */,
			);
			path = Models;
			sourceTree = "<group>";
		};
/* End PBXGroup section */

/* Begin PBXNativeTarget section */
		ADE693A32D6A2DD8008A7DDF /* BNDSAskForLeave */ = {
			isa = PBXNativeTarget;
			buildConfigurationList = ADE693B22D6A2DDA008A7DDF /* Build configuration list for PBXNativeTarget "BNDSAskForLeave" */;
			buildPhases = (
				ADE693A02D6A2DD8008A7DDF /* Sources */,
				ADE693A12D6A2DD8008A7DDF /* Frameworks */,
				ADE693A22D6A2DD8008A7DDF /* Resources */,
			);
			buildRules = (
			);
			dependencies = (
			);
			name = BNDSAskForLeave;
			packageProductDependencies = (
			);
			productName = BNDSAskForLeave;
			productReference = ADE693A42D6A2DD8008A7DDF /* BNDSAskForLeave.app */;
			productType = "com.apple.product-type.application";
		};
/* End PBXNativeTarget section */

/* Begin PBXProject section */
		ADE6939C2D6A2DD8008A7DDF /* Project object */ = {
			isa = PBXProject;
			attributes = {
				BuildIndependentTargetsInParallel = 1;
				LastSwiftUpdateCheck = 1620;
				LastUpgradeCheck = 1620;
				TargetAttributes = {
					ADE693A32D6A2DD8008A7DDF = {
						CreatedOnToolsVersion = 16.2;
					};
				};
			};
			buildConfigurationList = ADE6939F2D6A2DD8008A7DDF /* Build configuration list for PBXProject "BNDSAskForLeave" */;
			developmentRegion = en;
			hasScannedForEncodings = 0;
			knownRegions = (
				en,
				Base,
			);
			mainGroup = ADE6939B2D6A2DD8008A7DDF;
			minimizedProjectReferenceProxies = 1;
			preferredProjectObjectVersion = 77;
			productRefGroup = ADE693A52D6A2DD8008A7DDF /* Products */;
			projectDirPath = "";
			projectRoot = "";
			targets = (
				ADE693A32D6A2DD8008A7DDF /* BNDSAskForLeave */,
			);
		};
/* End PBXProject section */

/* Begin PBXResourcesBuildPhase section */
		ADE693A22D6A2DD8008A7DDF /* Resources */ = {
			isa = PBXResourcesBuildPhase;
			buildActionMask = 2147483647;
			files = (
				ADE693BB2D6A2DF7008A7DDF /* Preview Assets.xcassets in Resources */,
				ADE693BC2D6A2DF7008A7DDF /* Assets.xcassets in Resources */,
			);
			runOnlyForDeploymentPostprocessing = 0;
		};
/* End PBXResourcesBuildPhase section */

/* Begin PBXSourcesBuildPhase section */
		ADE693A02D6A2DD8008A7DDF /* Sources */ = {
			isa = PBXSourcesBuildPhase;
			buildActionMask = 2147483647;
			files = (
				ADE693C92D6A3EBE008A7DDF /* textMessageViewModifier.swift in Sources */,
				ADE693D12D6A5C67008A7DDF /* MessageViewModel.swift in Sources */,
				ADE693CB2D6A45E7008A7DDF /* messageModels.swift in Sources */,
				ADE693C72D6A384D008A7DDF /* Ex.swift in Sources */,
				ADE693CD2D6A4993008A7DDF /* SettingView.swift in Sources */,
				ADE693C52D6A2F17008A7DDF /* FakeView.swift in Sources */,
				ADE693BD2D6A2DF7008A7DDF /* BNDSAskForLeaveApp.swift in Sources */,
				ADE693CF2D6A51DC008A7DDF /* timeMessageViewModifier.swift in Sources */,
				ADE693BE2D6A2DF7008A7DDF /* ContentView.swift in Sources */,
			);
			runOnlyForDeploymentPostprocessing = 0;
		};
/* End PBXSourcesBuildPhase section */

/* Begin XCBuildConfiguration section */
		ADE693B02D6A2DDA008A7DDF /* Debug */ = {
			isa = XCBuildConfiguration;
			buildSettings = {
				ALWAYS_SEARCH_USER_PATHS = NO;
				ASSETCATALOG_COMPILER_GENERATE_SWIFT_ASSET_SYMBOL_EXTENSIONS = YES;
				CLANG_ANALYZER_NONNULL = YES;
				CLANG_ANALYZER_NUMBER_OBJECT_CONVERSION = YES_AGGRESSIVE;
				CLANG_CXX_LANGUAGE_STANDARD = "gnu++20";
				CLANG_ENABLE_MODULES = YES;
				CLANG_ENABLE_OBJC_ARC = YES;
				CLANG_ENABLE_OBJC_WEAK = YES;
				CLANG_WARN_BLOCK_CAPTURE_AUTORELEASING = YES;
				CLANG_WARN_BOOL_CONVERSION = YES;
				CLANG_WARN_COMMA = YES;
				CLANG_WARN_CONSTANT_CONVERSION = YES;
				CLANG_WARN_DEPRECATED_OBJC_IMPLEMENTATIONS = YES;
				CLANG_WARN_DIRECT_OBJC_ISA_USAGE = YES_ERROR;
				CLANG_WARN_DOCUMENTATION_COMMENTS = YES;
				CLANG_WARN_EMPTY_BODY = YES;
				CLANG_WARN_ENUM_CONVERSION = YES;
				CLANG_WARN_INFINITE_RECURSION = YES;
				CLANG_WARN_INT_CONVERSION = YES;
				CLANG_WARN_NON_LITERAL_NULL_CONVERSION = YES;
				CLANG_WARN_OBJC_IMPLICIT_RETAIN_SELF = YES;
				CLANG_WARN_OBJC_LITERAL_CONVERSION = YES;
				CLANG_WARN_OBJC_ROOT_CLASS = YES_ERROR;
				CLANG_WARN_QUOTED_INCLUDE_IN_FRAMEWORK_HEADER = YES;
				CLANG_WARN_RANGE_LOOP_ANALYSIS = YES;
				CLANG_WARN_STRICT_PROTOTYPES = YES;
				CLANG_WARN_SUSPICIOUS_MOVE = YES;
				CLANG_WARN_UNGUARDED_AVAILABILITY = YES_AGGRESSIVE;
				CLANG_WARN_UNREACHABLE_CODE = YES;
				CLANG_WARN__DUPLICATE_METHOD_MATCH = YES;
				COPY_PHASE_STRIP = NO;
				DEBUG_INFORMATION_FORMAT = dwarf;
				ENABLE_STRICT_OBJC_MSGSEND = YES;
				ENABLE_TESTABILITY = YES;
				ENABLE_USER_SCRIPT_SANDBOXING = YES;
				GCC_C_LANGUAGE_STANDARD = gnu17;
				GCC_DYNAMIC_NO_PIC = NO;
				GCC_NO_COMMON_BLOCKS = YES;
				GCC_OPTIMIZATION_LEVEL = 0;
				GCC_PREPROCESSOR_DEFINITIONS = (
					"DEBUG=1",
					"$(inherited)",
				);
				GCC_WARN_64_TO_32_BIT_CONVERSION = YES;
				GCC_WARN_ABOUT_RETURN_TYPE = YES_ERROR;
				GCC_WARN_UNDECLARED_SELECTOR = YES;
				GCC_WARN_UNINITIALIZED_AUTOS = YES_AGGRESSIVE;
				GCC_WARN_UNUSED_FUNCTION = YES;
				GCC_WARN_UNUSED_VARIABLE = YES;
				IPHONEOS_DEPLOYMENT_TARGET = 18.2;
				LOCALIZATION_PREFERS_STRING_CATALOGS = YES;
				MTL_ENABLE_DEBUG_INFO = INCLUDE_SOURCE;
				MTL_FAST_MATH = YES;
				ONLY_ACTIVE_ARCH = YES;
				SDKROOT = iphoneos;
				SWIFT_ACTIVE_COMPILATION_CONDITIONS = "DEBUG $(inherited)";
				SWIFT_OPTIMIZATION_LEVEL = "-Onone";
			};
			name = Debug;
		};
		ADE693B12D6A2DDA008A7DDF /* Release */ = {
			isa = XCBuildConfiguration;
			buildSettings = {
				ALWAYS_SEARCH_USER_PATHS = NO;
				ASSETCATALOG_COMPILER_GENERATE_SWIFT_ASSET_SYMBOL_EXTENSIONS = YES;
				CLANG_ANALYZER_NONNULL = YES;
				CLANG_ANALYZER_NUMBER_OBJECT_CONVERSION = YES_AGGRESSIVE;
				CLANG_CXX_LANGUAGE_STANDARD = "gnu++20";
				CLANG_ENABLE_MODULES = YES;
				CLANG_ENABLE_OBJC_ARC = YES;
				CLANG_ENABLE_OBJC_WEAK = YES;
				CLANG_WARN_BLOCK_CAPTURE_AUTORELEASING = YES;
				CLANG_WARN_BOOL_CONVERSION = YES;
				CLANG_WARN_COMMA = YES;
				CLANG_WARN_CONSTANT_CONVERSION = YES;
				CLANG_WARN_DEPRECATED_OBJC_IMPLEMENTATIONS = YES;
				CLANG_WARN_DIRECT_OBJC_ISA_USAGE = YES_ERROR;
				CLANG_WARN_DOCUMENTATION_COMMENTS = YES;
				CLANG_WARN_EMPTY_BODY = YES;
				CLANG_WARN_ENUM_CONVERSION = YES;
				CLANG_WARN_INFINITE_RECURSION = YES;
				CLANG_WARN_INT_CONVERSION = YES;
				CLANG_WARN_NON_LITERAL_NULL_CONVERSION = YES;
				CLANG_WARN_OBJC_IMPLICIT_RETAIN_SELF = YES;
				CLANG_WARN_OBJC_LITERAL_CONVERSION = YES;
				CLANG_WARN_OBJC_ROOT_CLASS = YES_ERROR;
				CLANG_WARN_QUOTED_INCLUDE_IN_FRAMEWORK_HEADER = YES;
				CLANG_WARN_RANGE_LOOP_ANALYSIS = YES;
				CLANG_WARN_STRICT_PROTOTYPES = YES;
				CLANG_WARN_SUSPICIOUS_MOVE = YES;
				CLANG_WARN_UNGUARDED_AVAILABILITY = YES_AGGRESSIVE;
				CLANG_WARN_UNREACHABLE_CODE = YES;
				CLANG_WARN__DUPLICATE_METHOD_MATCH = YES;
				COPY_PHASE_STRIP = NO;
				DEBUG_INFORMATION_FORMAT = "dwarf-with-dsym";
				ENABLE_NS_ASSERTIONS = NO;
				ENABLE_STRICT_OBJC_MSGSEND = YES;
				ENABLE_USER_SCRIPT_SANDBOXING = YES;
				GCC_C_LANGUAGE_STANDARD = gnu17;
				GCC_NO_COMMON_BLOCKS = YES;
				GCC_WARN_64_TO_32_BIT_CONVERSION = YES;
				GCC_WARN_ABOUT_RETURN_TYPE = YES_ERROR;
				GCC_WARN_UNDECLARED_SELECTOR = YES;
				GCC_WARN_UNINITIALIZED_AUTOS = YES_AGGRESSIVE;
				GCC_WARN_UNUSED_FUNCTION = YES;
				GCC_WARN_UNUSED_VARIABLE = YES;
				IPHONEOS_DEPLOYMENT_TARGET = 18.2;
				LOCALIZATION_PREFERS_STRING_CATALOGS = YES;
				MTL_ENABLE_DEBUG_INFO = NO;
				MTL_FAST_MATH = YES;
				SDKROOT = iphoneos;
				SWIFT_COMPILATION_MODE = wholemodule;
				VALIDATE_PRODUCT = YES;
			};
			name = Release;
		};
		ADE693B32D6A2DDA008A7DDF /* Debug */ = {
			isa = XCBuildConfiguration;
			buildSettings = {
				ASSETCATALOG_COMPILER_APPICON_NAME = AppIcon;
				ASSETCATALOG_COMPILER_GLOBAL_ACCENT_COLOR_NAME = AccentColor;
				CODE_SIGN_STYLE = Automatic;
				CURRENT_PROJECT_VERSION = 1;
				DEVELOPMENT_ASSET_PATHS = "\"BNDSAskForLeave/Preview Content\"";
				ENABLE_PREVIEWS = YES;
				GENERATE_INFOPLIST_FILE = YES;
				INFOPLIST_KEY_UIApplicationSceneManifest_Generation = YES;
				INFOPLIST_KEY_UIApplicationSupportsIndirectInputEvents = YES;
				INFOPLIST_KEY_UILaunchScreen_Generation = YES;
				INFOPLIST_KEY_UISupportedInterfaceOrientations_iPad = "UIInterfaceOrientationPortrait UIInterfaceOrientationPortraitUpsideDown UIInterfaceOrientationLandscapeLeft UIInterfaceOrientationLandscapeRight";
				INFOPLIST_KEY_UISupportedInterfaceOrientations_iPhone = "UIInterfaceOrientationPortrait UIInterfaceOrientationLandscapeLeft UIInterfaceOrientationLandscapeRight";
				LD_RUNPATH_SEARCH_PATHS = (
					"$(inherited)",
					"@executable_path/Frameworks",
				);
				MARKETING_VERSION = 1.0;
				PRODUCT_BUNDLE_IDENTIFIER = com.weston.BNDSAskForLeave;
				PRODUCT_NAME = "$(TARGET_NAME)";
				SWIFT_EMIT_LOC_STRINGS = YES;
				SWIFT_VERSION = 5.0;
				TARGETED_DEVICE_FAMILY = "1,2";
			};
			name = Debug;
		};
		ADE693B42D6A2DDA008A7DDF /* Release */ = {
			isa = XCBuildConfiguration;
			buildSettings = {
				ASSETCATALOG_COMPILER_APPICON_NAME = AppIcon;
				ASSETCATALOG_COMPILER_GLOBAL_ACCENT_COLOR_NAME = AccentColor;
				CODE_SIGN_STYLE = Automatic;
				CURRENT_PROJECT_VERSION = 1;
				DEVELOPMENT_ASSET_PATHS = "\"BNDSAskForLeave/Preview Content\"";
				ENABLE_PREVIEWS = YES;
				GENERATE_INFOPLIST_FILE = YES;
				INFOPLIST_KEY_UIApplicationSceneManifest_Generation = YES;
				INFOPLIST_KEY_UIApplicationSupportsIndirectInputEvents = YES;
				INFOPLIST_KEY_UILaunchScreen_Generation = YES;
				INFOPLIST_KEY_UISupportedInterfaceOrientations_iPad = "UIInterfaceOrientationPortrait UIInterfaceOrientationPortraitUpsideDown UIInterfaceOrientationLandscapeLeft UIInterfaceOrientationLandscapeRight";
				INFOPLIST_KEY_UISupportedInterfaceOrientations_iPhone = "UIInterfaceOrientationPortrait UIInterfaceOrientationLandscapeLeft UIInterfaceOrientationLandscapeRight";
				LD_RUNPATH_SEARCH_PATHS = (
					"$(inherited)",
					"@executable_path/Frameworks",
				);
				MARKETING_VERSION = 1.0;
				PRODUCT_BUNDLE_IDENTIFIER = com.weston.BNDSAskForLeave;
				PRODUCT_NAME = "$(TARGET_NAME)";
				SWIFT_EMIT_LOC_STRINGS = YES;
				SWIFT_VERSION = 5.0;
				TARGETED_DEVICE_FAMILY = "1,2";
			};
			name = Release;
		};
/* End XCBuildConfiguration section */

/* Begin XCConfigurationList section */
		ADE6939F2D6A2DD8008A7DDF /* Build configuration list for PBXProject "BNDSAskForLeave" */ = {
			isa = XCConfigurationList;
			buildConfigurations = (
				ADE693B02D6A2DDA008A7DDF /* Debug */,
				ADE693B12D6A2DDA008A7DDF /* Release */,
			);
			defaultConfigurationIsVisible = 0;
			defaultConfigurationName = Release;
		};
		ADE693B22D6A2DDA008A7DDF /* Build configuration list for PBXNativeTarget "BNDSAskForLeave" */ = {
			isa = XCConfigurationList;
			buildConfigurations = (
				ADE693B32D6A2DDA008A7DDF /* Debug */,
				ADE693B42D6A2DDA008A7DDF /* Release */,
			);
			defaultConfigurationIsVisible = 0;
			defaultConfigurationName = Release;
		};
/* End XCConfigurationList section */
	};
	rootObject = ADE6939C2D6A2DD8008A7DDF /* Project object */;
}
